
Microsoft Visual Studio Solution File, Format Version 12.00
Project("{FAE04EC0-301F-11D3-BF4B-00C04F79EFBC}") = "UniversalLogParser", "UniversalLogParser\UniversalLogParser.csproj", "{FC928A9C-64A2-4482-A641-22A1A71D3A52}"
EndProject
Global
	GlobalSection(SolutionConfigurationPlatforms) = preSolution
		Debug|Any CPU = Debug|Any CPU
		Release|Any CPU = Release|Any CPU
	EndGlobalSection
	GlobalSection(ProjectConfigurationPlatforms) = postSolution
		{FC928A9C-64A2-4482-A641-22A1A71D3A52}.Debug|Any CPU.ActiveCfg = Debug|Any CPU
		{FC928A9C-64A2-4482-A641-22A1A71D3A52}.Debug|Any CPU.Build.0 = Debug|Any CPU
		{FC928A9C-64A2-4482-A641-22A1A71D3A52}.Release|Any CPU.ActiveCfg = Release|Any CPU
		{FC928A9C-64A2-4482-A641-22A1A71D3A52}.Release|Any CPU.Build.0 = Release|Any CPU
	EndGlobalSection
EndGlobal
